
Microsoft Visual Studio Solution File, Format Version 12.00
# Visual Studio Version 17
VisualStudioVersion = 17.7.34031.279
MinimumVisualStudioVersion = 10.0.40219.1
Project("{9A19103F-16F7-4668-BE54-9A1E7A4F7556}") = "BlazorEcommerceApp.Server", "Server\BlazorEcommerceApp.Server.csproj", "{7D6BC231-8B85-4D9D-A9B0-9B429D083A08}"
EndProject
Project("{9A19103F-16F7-4668-BE54-9A1E7A4F7556}") = "BlazorEcommerceApp.Client", "Client\BlazorEcommerceApp.Client.csproj", "{26CDDB0A-EE26-4B51-991D-18716A87C444}"
EndProject
Project("{9A19103F-16F7-4668-BE54-9A1E7A4F7556}") = "BlazorEcommerceApp.Shared", "Shared\BlazorEcommerceApp.Shared.csproj", "{AA5A20D9-3EED-46B1-B27B-6DDE88768947}"
EndProject
Global
	GlobalSection(SolutionConfigurationPlatforms) = preSolution
		Debug|Any CPU = Debug|Any CPU
		Release|Any CPU = Release|Any CPU
	EndGlobalSection
	GlobalSection(ProjectConfigurationPlatforms) = postSolution
		{7D6BC231-8B85-4D9D-A9B0-9B429D083A08}.Debug|Any CPU.ActiveCfg = Debug|Any CPU
		{7D6BC231-8B85-4D9D-A9B0-9B429D083A08}.Debug|Any CPU.Build.0 = Debug|Any CPU
		{7D6BC231-8B85-4D9D-A9B0-9B429D083A08}.Release|Any CPU.ActiveCfg = Release|Any CPU
		{7D6BC231-8B85-4D9D-A9B0-9B429D083A08}.Release|Any CPU.Build.0 = Release|Any CPU
		{26CDDB0A-EE26-4B51-991D-18716A87C444}.Debug|Any CPU.ActiveCfg = Debug|Any CPU
		{26CDDB0A-EE26-4B51-991D-18716A87C444}.Debug|Any CPU.Build.0 = Debug|Any CPU
		{26CDDB0A-EE26-4B51-991D-18716A87C444}.Release|Any CPU.ActiveCfg = Release|Any CPU
		{26CDDB0A-EE26-4B51-991D-18716A87C444}.Release|Any CPU.Build.0 = Release|Any CPU
		{AA5A20D9-3EED-46B1-B27B-6DDE88768947}.Debug|Any CPU.ActiveCfg = Debug|Any CPU
		{AA5A20D9-3EED-46B1-B27B-6DDE88768947}.Debug|Any CPU.Build.0 = Debug|Any CPU
		{AA5A20D9-3EED-46B1-B27B-6DDE88768947}.Release|Any CPU.ActiveCfg = Release|Any CPU
		{AA5A20D9-3EED-46B1-B27B-6DDE88768947}.Release|Any CPU.Build.0 = Release|Any CPU
	EndGlobalSection
	GlobalSection(SolutionProperties) = preSolution
		HideSolutionNode = FALSE
	EndGlobalSection
	GlobalSection(ExtensibilityGlobals) = postSolution
		SolutionGuid = {FB34386C-B3A9-4014-8474-46E419DE2787}
	EndGlobalSection
EndGlobal
